// !$*UTF8*$!
{
	archiveVersion = 1;
	classes = {
	};
	objectVersion = 56;
	objects = {

/* Begin PBXBuildFile section */
		C53AC5D62BD618E2005882C7 /* AllPhotosViewController.swift in Sources */ = {isa = PBXBuildFile; fileRef = C53AC5D52BD618E2005882C7 /* AllPhotosViewController.swift */; };
		C54517B72BBD3A4700723457 /* AlbumPhotosViewController.swift in Sources */ = {isa = PBXBuildFile; fileRef = C54517B62BBD3A4700723457 /* AlbumPhotosViewController.swift */; };
		C560DB172BBA6FF8008A1FBA /* PhotoManager.swift in Sources */ = {isa = PBXBuildFile; fileRef = C560DB162BBA6FF8008A1FBA /* PhotoManager.swift */; };
		C560DB1B2BBAAB18008A1FBA /* CameraCollectionViewCell.swift in Sources */ = {isa = PBXBuildFile; fileRef = C560DB192BBAAB18008A1FBA /* CameraCollectionViewCell.swift */; };
		C560DB1C2BBAAB18008A1FBA /* CameraCollectionViewCell.xib in Resources */ = {isa = PBXBuildFile; fileRef = C560DB1A2BBAAB18008A1FBA /* CameraCollectionViewCell.xib */; };
		C565249F2BB4257E002A3F0D /* AppDelegate.swift in Sources */ = {isa = PBXBuildFile; fileRef = C565249E2BB4257E002A3F0D /* AppDelegate.swift */; };
		C56524A12BB4257E002A3F0D /* SceneDelegate.swift in Sources */ = {isa = PBXBuildFile; fileRef = C56524A02BB4257E002A3F0D /* SceneDelegate.swift */; };
		C56524A32BB4257E002A3F0D /* ViewController.swift in Sources */ = {isa = PBXBuildFile; fileRef = C56524A22BB4257E002A3F0D /* ViewController.swift */; };
		C56524A62BB4257E002A3F0D /* Main.storyboard in Resources */ = {isa = PBXBuildFile; fileRef = C56524A42BB4257E002A3F0D /* Main.storyboard */; };
		C56524A82BB4257F002A3F0D /* Assets.xcassets in Resources */ = {isa = PBXBuildFile; fileRef = C56524A72BB4257F002A3F0D /* Assets.xcassets */; };
		C56524AB2BB4257F002A3F0D /* LaunchScreen.storyboard in Resources */ = {isa = PBXBuildFile; fileRef = C56524A92BB4257F002A3F0D /* LaunchScreen.storyboard */; };
		C565C8C32BBD5D1600D73E63 /* PhotosCollectionViewCell.swift in Sources */ = {isa = PBXBuildFile; fileRef = C565C8C12BBD5D1600D73E63 /* PhotosCollectionViewCell.swift */; };
		C565C8C42BBD5D1600D73E63 /* PhotosCollectionViewCell.xib in Resources */ = {isa = PBXBuildFile; fileRef = C565C8C22BBD5D1600D73E63 /* PhotosCollectionViewCell.xib */; };
		C57477192BCE7E55009BBED8 /* PHAsset+Extension.swift in Sources */ = {isa = PBXBuildFile; fileRef = C57477182BCE7E55009BBED8 /* PHAsset+Extension.swift */; };
		C574771E2BCF73B1009BBED8 /* PHAssetCollection+Extension.swift in Sources */ = {isa = PBXBuildFile; fileRef = C574771D2BCF73B1009BBED8 /* PHAssetCollection+Extension.swift */; };
		C57477202BD0CF78009BBED8 /* AlbumMenuViewController.swift in Sources */ = {isa = PBXBuildFile; fileRef = C574771F2BD0CF78009BBED8 /* AlbumMenuViewController.swift */; };
		C57477462BD13BA5009BBED8 /* AlbumCollectionViewCell.swift in Sources */ = {isa = PBXBuildFile; fileRef = C57477442BD13BA5009BBED8 /* AlbumCollectionViewCell.swift */; };
		C57477472BD13BA5009BBED8 /* AlbumCollectionViewCell.xib in Resources */ = {isa = PBXBuildFile; fileRef = C57477452BD13BA5009BBED8 /* AlbumCollectionViewCell.xib */; };
		C57624CE2BCCEFED00A40911 /* SinglePhotoViewController.swift in Sources */ = {isa = PBXBuildFile; fileRef = C57624CD2BCCEFED00A40911 /* SinglePhotoViewController.swift */; };
/* End PBXBuildFile section */

/* Begin PBXFileReference section */
		C53AC5D52BD618E2005882C7 /* AllPhotosViewController.swift */ = {isa = PBXFileReference; lastKnownFileType = sourcecode.swift; path = AllPhotosViewController.swift; sourceTree = "<group>"; };
		C54517B62BBD3A4700723457 /* AlbumPhotosViewController.swift */ = {isa = PBXFileReference; lastKnownFileType = sourcecode.swift; path = AlbumPhotosViewController.swift; sourceTree = "<group>"; };
		C560DB162BBA6FF8008A1FBA /* PhotoManager.swift */ = {isa = PBXFileReference; lastKnownFileType = sourcecode.swift; path = PhotoManager.swift; sourceTree = "<group>"; };
		C560DB192BBAAB18008A1FBA /* CameraCollectionViewCell.swift */ = {isa = PBXFileReference; lastKnownFileType = sourcecode.swift; path = CameraCollectionViewCell.swift; sourceTree = "<group>"; };
		C560DB1A2BBAAB18008A1FBA /* CameraCollectionViewCell.xib */ = {isa = PBXFileReference; lastKnownFileType = file.xib; path = CameraCollectionViewCell.xib; sourceTree = "<group>"; };
		C565249B2BB4257E002A3F0D /* PhotoLibrary.app */ = {isa = PBXFileReference; explicitFileType = wrapper.application; includeInIndex = 0; path = PhotoLibrary.app; sourceTree = BUILT_PRODUCTS_DIR; };
		C565249E2BB4257E002A3F0D /* AppDelegate.swift */ = {isa = PBXFileReference; lastKnownFileType = sourcecode.swift; path = AppDelegate.swift; sourceTree = "<group>"; };
		C56524A02BB4257E002A3F0D /* SceneDelegate.swift */ = {isa = PBXFileReference; lastKnownFileType = sourcecode.swift; path = SceneDelegate.swift; sourceTree = "<group>"; };
		C56524A22BB4257E002A3F0D /* ViewController.swift */ = {isa = PBXFileReference; lastKnownFileType = sourcecode.swift; path = ViewController.swift; sourceTree = "<group>"; };
		C56524A52BB4257E002A3F0D /* Base */ = {isa = PBXFileReference; lastKnownFileType = file.storyboard; name = Base; path = Base.lproj/Main.storyboard; sourceTree = "<group>"; };
		C56524A72BB4257F002A3F0D /* Assets.xcassets */ = {isa = PBXFileReference; lastKnownFileType = folder.assetcatalog; path = Assets.xcassets; sourceTree = "<group>"; };
		C56524AA2BB4257F002A3F0D /* Base */ = {isa = PBXFileReference; lastKnownFileType = file.storyboard; name = Base; path = Base.lproj/LaunchScreen.storyboard; sourceTree = "<group>"; };
		C56524AC2BB4257F002A3F0D /* Info.plist */ = {isa = PBXFileReference; lastKnownFileType = text.plist.xml; path = Info.plist; sourceTree = "<group>"; };
		C565C8C12BBD5D1600D73E63 /* PhotosCollectionViewCell.swift */ = {isa = PBXFileReference; lastKnownFileType = sourcecode.swift; path = PhotosCollectionViewCell.swift; sourceTree = "<group>"; };
		C565C8C22BBD5D1600D73E63 /* PhotosCollectionViewCell.xib */ = {isa = PBXFileReference; lastKnownFileType = file.xib; path = PhotosCollectionViewCell.xib; sourceTree = "<group>"; };
		C57477182BCE7E55009BBED8 /* PHAsset+Extension.swift */ = {isa = PBXFileReference; lastKnownFileType = sourcecode.swift; path = "PHAsset+Extension.swift"; sourceTree = "<group>"; };
		C574771D2BCF73B1009BBED8 /* PHAssetCollection+Extension.swift */ = {isa = PBXFileReference; lastKnownFileType = sourcecode.swift; path = "PHAssetCollection+Extension.swift"; sourceTree = "<group>"; };
		C574771F2BD0CF78009BBED8 /* AlbumMenuViewController.swift */ = {isa = PBXFileReference; lastKnownFileType = sourcecode.swift; path = AlbumMenuViewController.swift; sourceTree = "<group>"; };
		C57477442BD13BA5009BBED8 /* AlbumCollectionViewCell.swift */ = {isa = PBXFileReference; lastKnownFileType = sourcecode.swift; path = AlbumCollectionViewCell.swift; sourceTree = "<group>"; };
		C57477452BD13BA5009BBED8 /* AlbumCollectionViewCell.xib */ = {isa = PBXFileReference; lastKnownFileType = file.xib; path = AlbumCollectionViewCell.xib; sourceTree = "<group>"; };
		C57624CD2BCCEFED00A40911 /* SinglePhotoViewController.swift */ = {isa = PBXFileReference; lastKnownFileType = sourcecode.swift; path = SinglePhotoViewController.swift; sourceTree = "<group>"; };
/* End PBXFileReference section */

/* Begin PBXFrameworksBuildPhase section */
		C56524982BB4257E002A3F0D /* Frameworks */ = {
			isa = PBXFrameworksBuildPhase;
			buildActionMask = 2147483647;
			files = (
			);
			runOnlyForDeploymentPostprocessing = 0;
		};
/* End PBXFrameworksBuildPhase section */

/* Begin PBXGroup section */
		C54517B52BBD39FB00723457 /* ViewControllers */ = {
			isa = PBXGroup;
			children = (
				C53AC5D52BD618E2005882C7 /* AllPhotosViewController.swift */,
				C56524A22BB4257E002A3F0D /* ViewController.swift */,
				C54517B62BBD3A4700723457 /* AlbumPhotosViewController.swift */,
				C57624CD2BCCEFED00A40911 /* SinglePhotoViewController.swift */,
				C574771F2BD0CF78009BBED8 /* AlbumMenuViewController.swift */,
			);
			path = ViewControllers;
			sourceTree = "<group>";
		};
		C551C2B02BDA0FA6009339D8 /* Views */ = {
			isa = PBXGroup;
			children = (
				C560DB182BBAAADD008A1FBA /* CameraCollectionViewCell */,
				C565C8C02BBD5CD900D73E63 /* PhotosCollectionViewCell */,
				C57477432BD13B46009BBED8 /* AlbumCollectionViewCell */,
			);
			path = Views;
			sourceTree = "<group>";
		};
		C551C2B12BDA0FE0009339D8 /* Managers */ = {
			isa = PBXGroup;
			children = (
				C560DB162BBA6FF8008A1FBA /* PhotoManager.swift */,
			);
			path = Managers;
			sourceTree = "<group>";
		};
		C551C2B22BDA1039009339D8 /* Models */ = {
			isa = PBXGroup;
			children = (
			);
			path = Models;
			sourceTree = "<group>";
		};
		C551C2B32BDA1069009339D8 /* ViewModels */ = {
			isa = PBXGroup;
			children = (
			);
			path = ViewModels;
			sourceTree = "<group>";
		};
		C560DB182BBAAADD008A1FBA /* CameraCollectionViewCell */ = {
			isa = PBXGroup;
			children = (
				C560DB192BBAAB18008A1FBA /* CameraCollectionViewCell.swift */,
				C560DB1A2BBAAB18008A1FBA /* CameraCollectionViewCell.xib */,
			);
			path = CameraCollectionViewCell;
			sourceTree = "<group>";
		};
		C56524922BB4257E002A3F0D = {
			isa = PBXGroup;
			children = (
				C565249D2BB4257E002A3F0D /* PhotoLibrary */,
				C565249C2BB4257E002A3F0D /* Products */,
			);
			sourceTree = "<group>";
		};
		C565249C2BB4257E002A3F0D /* Products */ = {
			isa = PBXGroup;
			children = (
				C565249B2BB4257E002A3F0D /* PhotoLibrary.app */,
			);
			name = Products;
			sourceTree = "<group>";
		};
		C565249D2BB4257E002A3F0D /* PhotoLibrary */ = {
			isa = PBXGroup;
			children = (
				C551C2B12BDA0FE0009339D8 /* Managers */,
				C574771A2BCF7273009BBED8 /* Resources */,
				C551C2B22BDA1039009339D8 /* Models */,
				C551C2B02BDA0FA6009339D8 /* Views */,
				C551C2B32BDA1069009339D8 /* ViewModels */,
				C54517B52BBD39FB00723457 /* ViewControllers */,
				C565249E2BB4257E002A3F0D /* AppDelegate.swift */,
				C56524A02BB4257E002A3F0D /* SceneDelegate.swift */,
				C56524A42BB4257E002A3F0D /* Main.storyboard */,
				C56524A72BB4257F002A3F0D /* Assets.xcassets */,
				C56524A92BB4257F002A3F0D /* LaunchScreen.storyboard */,
				C56524AC2BB4257F002A3F0D /* Info.plist */,
			);
			path = PhotoLibrary;
			sourceTree = "<group>";
		};
		C565C8C02BBD5CD900D73E63 /* PhotosCollectionViewCell */ = {
			isa = PBXGroup;
			children = (
				C565C8C12BBD5D1600D73E63 /* PhotosCollectionViewCell.swift */,
				C565C8C22BBD5D1600D73E63 /* PhotosCollectionViewCell.xib */,
			);
			path = PhotosCollectionViewCell;
			sourceTree = "<group>";
		};
		C574771A2BCF7273009BBED8 /* Resources */ = {
			isa = PBXGroup;
			children = (
				C57477182BCE7E55009BBED8 /* PHAsset+Extension.swift */,
				C574771D2BCF73B1009BBED8 /* PHAssetCollection+Extension.swift */,
			);
			path = Resources;
			sourceTree = "<group>";
		};
		C57477432BD13B46009BBED8 /* AlbumCollectionViewCell */ = {
			isa = PBXGroup;
			children = (
				C57477442BD13BA5009BBED8 /* AlbumCollectionViewCell.swift */,
				C57477452BD13BA5009BBED8 /* AlbumCollectionViewCell.xib */,
			);
			path = AlbumCollectionViewCell;
			sourceTree = "<group>";
		};
/* End PBXGroup section */

/* Begin PBXNativeTarget section */
		C565249A2BB4257E002A3F0D /* PhotoLibrary */ = {
			isa = PBXNativeTarget;
			buildConfigurationList = C56524AF2BB4257F002A3F0D /* Build configuration list for PBXNativeTarget "PhotoLibrary" */;
			buildPhases = (
				C56524972BB4257E002A3F0D /* Sources */,
				C56524982BB4257E002A3F0D /* Frameworks */,
				C56524992BB4257E002A3F0D /* Resources */,
			);
			buildRules = (
			);
			dependencies = (
			);
			name = PhotoLibrary;
			productName = PhotoLibrary;
			productReference = C565249B2BB4257E002A3F0D /* PhotoLibrary.app */;
			productType = "com.apple.product-type.application";
		};
/* End PBXNativeTarget section */

/* Begin PBXProject section */
		C56524932BB4257E002A3F0D /* Project object */ = {
			isa = PBXProject;
			attributes = {
				BuildIndependentTargetsInParallel = 1;
				LastSwiftUpdateCheck = 1500;
				LastUpgradeCheck = 1500;
				TargetAttributes = {
					C565249A2BB4257E002A3F0D = {
						CreatedOnToolsVersion = 15.0.1;
					};
				};
			};
			buildConfigurationList = C56524962BB4257E002A3F0D /* Build configuration list for PBXProject "PhotoLibrary" */;
			compatibilityVersion = "Xcode 14.0";
			developmentRegion = en;
			hasScannedForEncodings = 0;
			knownRegions = (
				en,
				Base,
			);
			mainGroup = C56524922BB4257E002A3F0D;
			productRefGroup = C565249C2BB4257E002A3F0D /* Products */;
			projectDirPath = "";
			projectRoot = "";
			targets = (
				C565249A2BB4257E002A3F0D /* PhotoLibrary */,
			);
		};
/* End PBXProject section */

/* Begin PBXResourcesBuildPhase section */
		C56524992BB4257E002A3F0D /* Resources */ = {
			isa = PBXResourcesBuildPhase;
			buildActionMask = 2147483647;
			files = (
				C565C8C42BBD5D1600D73E63 /* PhotosCollectionViewCell.xib in Resources */,
				C56524AB2BB4257F002A3F0D /* LaunchScreen.storyboard in Resources */,
				C56524A82BB4257F002A3F0D /* Assets.xcassets in Resources */,
				C56524A62BB4257E002A3F0D /* Main.storyboard in Resources */,
				C57477472BD13BA5009BBED8 /* AlbumCollectionViewCell.xib in Resources */,
				C560DB1C2BBAAB18008A1FBA /* CameraCollectionViewCell.xib in Resources */,
			);
			runOnlyForDeploymentPostprocessing = 0;
		};
/* End PBXResourcesBuildPhase section */

/* Begin PBXSourcesBuildPhase section */
		C56524972BB4257E002A3F0D /* Sources */ = {
			isa = PBXSourcesBuildPhase;
			buildActionMask = 2147483647;
			files = (
				C57477462BD13BA5009BBED8 /* AlbumCollectionViewCell.swift in Sources */,
				C53AC5D62BD618E2005882C7 /* AllPhotosViewController.swift in Sources */,
				C56524A32BB4257E002A3F0D /* ViewController.swift in Sources */,
				C57477192BCE7E55009BBED8 /* PHAsset+Extension.swift in Sources */,
				C565249F2BB4257E002A3F0D /* AppDelegate.swift in Sources */,
				C57477202BD0CF78009BBED8 /* AlbumMenuViewController.swift in Sources */,
				C565C8C32BBD5D1600D73E63 /* PhotosCollectionViewCell.swift in Sources */,
				C57624CE2BCCEFED00A40911 /* SinglePhotoViewController.swift in Sources */,
				C54517B72BBD3A4700723457 /* AlbumPhotosViewController.swift in Sources */,
				C560DB1B2BBAAB18008A1FBA /* CameraCollectionViewCell.swift in Sources */,
				C574771E2BCF73B1009BBED8 /* PHAssetCollection+Extension.swift in Sources */,
				C560DB172BBA6FF8008A1FBA /* PhotoManager.swift in Sources */,
				C56524A12BB4257E002A3F0D /* SceneDelegate.swift in Sources */,
			);
			runOnlyForDeploymentPostprocessing = 0;
		};
/* End PBXSourcesBuildPhase section */

/* Begin PBXVariantGroup section */
		C56524A42BB4257E002A3F0D /* Main.storyboard */ = {
			isa = PBXVariantGroup;
			children = (
				C56524A52BB4257E002A3F0D /* Base */,
			);
			name = Main.storyboard;
			sourceTree = "<group>";
		};
		C56524A92BB4257F002A3F0D /* LaunchScreen.storyboard */ = {
			isa = PBXVariantGroup;
			children = (
				C56524AA2BB4257F002A3F0D /* Base */,
			);
			name = LaunchScreen.storyboard;
			sourceTree = "<group>";
		};
/* End PBXVariantGroup section */

/* Begin XCBuildConfiguration section */
		C56524AD2BB4257F002A3F0D /* Debug */ = {
			isa = XCBuildConfiguration;
			buildSettings = {
				ALWAYS_SEARCH_USER_PATHS = NO;
				ASSETCATALOG_COMPILER_GENERATE_SWIFT_ASSET_SYMBOL_EXTENSIONS = YES;
				CLANG_ANALYZER_NONNULL = YES;
				CLANG_ANALYZER_NUMBER_OBJECT_CONVERSION = YES_AGGRESSIVE;
				CLANG_CXX_LANGUAGE_STANDARD = "gnu++20";
				CLANG_ENABLE_MODULES = YES;
				CLANG_ENABLE_OBJC_ARC = YES;
				CLANG_ENABLE_OBJC_WEAK = YES;
				CLANG_WARN_BLOCK_CAPTURE_AUTORELEASING = YES;
				CLANG_WARN_BOOL_CONVERSION = YES;
				CLANG_WARN_COMMA = YES;
				CLANG_WARN_CONSTANT_CONVERSION = YES;
				CLANG_WARN_DEPRECATED_OBJC_IMPLEMENTATIONS = YES;
				CLANG_WARN_DIRECT_OBJC_ISA_USAGE = YES_ERROR;
				CLANG_WARN_DOCUMENTATION_COMMENTS = YES;
				CLANG_WARN_EMPTY_BODY = YES;
				CLANG_WARN_ENUM_CONVERSION = YES;
				CLANG_WARN_INFINITE_RECURSION = YES;
				CLANG_WARN_INT_CONVERSION = YES;
				CLANG_WARN_NON_LITERAL_NULL_CONVERSION = YES;
				CLANG_WARN_OBJC_IMPLICIT_RETAIN_SELF = YES;
				CLANG_WARN_OBJC_LITERAL_CONVERSION = YES;
				CLANG_WARN_OBJC_ROOT_CLASS = YES_ERROR;
				CLANG_WARN_QUOTED_INCLUDE_IN_FRAMEWORK_HEADER = YES;
				CLANG_WARN_RANGE_LOOP_ANALYSIS = YES;
				CLANG_WARN_STRICT_PROTOTYPES = YES;
				CLANG_WARN_SUSPICIOUS_MOVE = YES;
				CLANG_WARN_UNGUARDED_AVAILABILITY = YES_AGGRESSIVE;
				CLANG_WARN_UNREACHABLE_CODE = YES;
				CLANG_WARN__DUPLICATE_METHOD_MATCH = YES;
				COPY_PHASE_STRIP = NO;
				DEBUG_INFORMATION_FORMAT = dwarf;
				ENABLE_STRICT_OBJC_MSGSEND = YES;
				ENABLE_TESTABILITY = YES;
				ENABLE_USER_SCRIPT_SANDBOXING = YES;
				GCC_C_LANGUAGE_STANDARD = gnu17;
				GCC_DYNAMIC_NO_PIC = NO;
				GCC_NO_COMMON_BLOCKS = YES;
				GCC_OPTIMIZATION_LEVEL = 0;
				GCC_PREPROCESSOR_DEFINITIONS = (
					"DEBUG=1",
					"$(inherited)",
				);
				GCC_WARN_64_TO_32_BIT_CONVERSION = YES;
				GCC_WARN_ABOUT_RETURN_TYPE = YES_ERROR;
				GCC_WARN_UNDECLARED_SELECTOR = YES;
				GCC_WARN_UNINITIALIZED_AUTOS = YES_AGGRESSIVE;
				GCC_WARN_UNUSED_FUNCTION = YES;
				GCC_WARN_UNUSED_VARIABLE = YES;
				IPHONEOS_DEPLOYMENT_TARGET = 17.0;
				LOCALIZATION_PREFERS_STRING_CATALOGS = YES;
				MTL_ENABLE_DEBUG_INFO = INCLUDE_SOURCE;
				MTL_FAST_MATH = YES;
				ONLY_ACTIVE_ARCH = YES;
				SDKROOT = iphoneos;
				SWIFT_ACTIVE_COMPILATION_CONDITIONS = "DEBUG $(inherited)";
				SWIFT_OPTIMIZATION_LEVEL = "-Onone";
			};
			name = Debug;
		};
		C56524AE2BB4257F002A3F0D /* Release */ = {
			isa = XCBuildConfiguration;
			buildSettings = {
				ALWAYS_SEARCH_USER_PATHS = NO;
				ASSETCATALOG_COMPILER_GENERATE_SWIFT_ASSET_SYMBOL_EXTENSIONS = YES;
				CLANG_ANALYZER_NONNULL = YES;
				CLANG_ANALYZER_NUMBER_OBJECT_CONVERSION = YES_AGGRESSIVE;
				CLANG_CXX_LANGUAGE_STANDARD = "gnu++20";
				CLANG_ENABLE_MODULES = YES;
				CLANG_ENABLE_OBJC_ARC = YES;
				CLANG_ENABLE_OBJC_WEAK = YES;
				CLANG_WARN_BLOCK_CAPTURE_AUTORELEASING = YES;
				CLANG_WARN_BOOL_CONVERSION = YES;
				CLANG_WARN_COMMA = YES;
				CLANG_WARN_CONSTANT_CONVERSION = YES;
				CLANG_WARN_DEPRECATED_OBJC_IMPLEMENTATIONS = YES;
				CLANG_WARN_DIRECT_OBJC_ISA_USAGE = YES_ERROR;
				CLANG_WARN_DOCUMENTATION_COMMENTS = YES;
				CLANG_WARN_EMPTY_BODY = YES;
				CLANG_WARN_ENUM_CONVERSION = YES;
				CLANG_WARN_INFINITE_RECURSION = YES;
				CLANG_WARN_INT_CONVERSION = YES;
				CLANG_WARN_NON_LITERAL_NULL_CONVERSION = YES;
				CLANG_WARN_OBJC_IMPLICIT_RETAIN_SELF = YES;
				CLANG_WARN_OBJC_LITERAL_CONVERSION = YES;
				CLANG_WARN_OBJC_ROOT_CLASS = YES_ERROR;
				CLANG_WARN_QUOTED_INCLUDE_IN_FRAMEWORK_HEADER = YES;
				CLANG_WARN_RANGE_LOOP_ANALYSIS = YES;
				CLANG_WARN_STRICT_PROTOTYPES = YES;
				CLANG_WARN_SUSPICIOUS_MOVE = YES;
				CLANG_WARN_UNGUARDED_AVAILABILITY = YES_AGGRESSIVE;
				CLANG_WARN_UNREACHABLE_CODE = YES;
				CLANG_WARN__DUPLICATE_METHOD_MATCH = YES;
				COPY_PHASE_STRIP = NO;
				DEBUG_INFORMATION_FORMAT = "dwarf-with-dsym";
				ENABLE_NS_ASSERTIONS = NO;
				ENABLE_STRICT_OBJC_MSGSEND = YES;
				ENABLE_USER_SCRIPT_SANDBOXING = YES;
				GCC_C_LANGUAGE_STANDARD = gnu17;
				GCC_NO_COMMON_BLOCKS = YES;
				GCC_WARN_64_TO_32_BIT_CONVERSION = YES;
				GCC_WARN_ABOUT_RETURN_TYPE = YES_ERROR;
				GCC_WARN_UNDECLARED_SELECTOR = YES;
				GCC_WARN_UNINITIALIZED_AUTOS = YES_AGGRESSIVE;
				GCC_WARN_UNUSED_FUNCTION = YES;
				GCC_WARN_UNUSED_VARIABLE = YES;
				IPHONEOS_DEPLOYMENT_TARGET = 17.0;
				LOCALIZATION_PREFERS_STRING_CATALOGS = YES;
				MTL_ENABLE_DEBUG_INFO = NO;
				MTL_FAST_MATH = YES;
				SDKROOT = iphoneos;
				SWIFT_COMPILATION_MODE = wholemodule;
				VALIDATE_PRODUCT = YES;
			};
			name = Release;
		};
		C56524B02BB4257F002A3F0D /* Debug */ = {
			isa = XCBuildConfiguration;
			buildSettings = {
				ASSETCATALOG_COMPILER_APPICON_NAME = AppIcon;
				ASSETCATALOG_COMPILER_GLOBAL_ACCENT_COLOR_NAME = AccentColor;
				CODE_SIGN_IDENTITY = "Apple Development";
				CODE_SIGN_STYLE = Automatic;
				CURRENT_PROJECT_VERSION = 1;
				DEVELOPMENT_TEAM = 9XSST4YN27;
				GENERATE_INFOPLIST_FILE = YES;
				INFOPLIST_FILE = PhotoLibrary/Info.plist;
				INFOPLIST_KEY_UIApplicationSupportsIndirectInputEvents = YES;
				INFOPLIST_KEY_UILaunchStoryboardName = LaunchScreen;
				INFOPLIST_KEY_UIMainStoryboardFile = Main;
				INFOPLIST_KEY_UISupportedInterfaceOrientations_iPad = "UIInterfaceOrientationPortrait UIInterfaceOrientationPortraitUpsideDown UIInterfaceOrientationLandscapeLeft UIInterfaceOrientationLandscapeRight";
				INFOPLIST_KEY_UISupportedInterfaceOrientations_iPhone = "UIInterfaceOrientationPortrait UIInterfaceOrientationLandscapeLeft UIInterfaceOrientationLandscapeRight";
				IPHONEOS_DEPLOYMENT_TARGET = 15.0;
				LD_RUNPATH_SEARCH_PATHS = (
					"$(inherited)",
					"@executable_path/Frameworks",
				);
				MARKETING_VERSION = 1.0;
				PRODUCT_BUNDLE_IDENTIFIER = com.akramulhasan.PhotoLibrary;
				PRODUCT_NAME = "$(TARGET_NAME)";
				PROVISIONING_PROFILE_SPECIFIER = "";
				SWIFT_EMIT_LOC_STRINGS = YES;
				SWIFT_VERSION = 5.0;
				TARGETED_DEVICE_FAMILY = "1,2";
			};
			name = Debug;
		};
		C56524B12BB4257F002A3F0D /* Release */ = {
			isa = XCBuildConfiguration;
			buildSettings = {
				ASSETCATALOG_COMPILER_APPICON_NAME = AppIcon;
				ASSETCATALOG_COMPILER_GLOBAL_ACCENT_COLOR_NAME = AccentColor;
				CODE_SIGN_IDENTITY = "Apple Development";
				CODE_SIGN_STYLE = Automatic;
				CURRENT_PROJECT_VERSION = 1;
				DEVELOPMENT_TEAM = 9XSST4YN27;
				GENERATE_INFOPLIST_FILE = YES;
				INFOPLIST_FILE = PhotoLibrary/Info.plist;
				INFOPLIST_KEY_UIApplicationSupportsIndirectInputEvents = YES;
				INFOPLIST_KEY_UILaunchStoryboardName = LaunchScreen;
				INFOPLIST_KEY_UIMainStoryboardFile = Main;
				INFOPLIST_KEY_UISupportedInterfaceOrientations_iPad = "UIInterfaceOrientationPortrait UIInterfaceOrientationPortraitUpsideDown UIInterfaceOrientationLandscapeLeft UIInterfaceOrientationLandscapeRight";
				INFOPLIST_KEY_UISupportedInterfaceOrientations_iPhone = "UIInterfaceOrientationPortrait UIInterfaceOrientationLandscapeLeft UIInterfaceOrientationLandscapeRight";
				IPHONEOS_DEPLOYMENT_TARGET = 15.0;
				LD_RUNPATH_SEARCH_PATHS = (
					"$(inherited)",
					"@executable_path/Frameworks",
				);
				MARKETING_VERSION = 1.0;
				PRODUCT_BUNDLE_IDENTIFIER = com.akramulhasan.PhotoLibrary;
				PRODUCT_NAME = "$(TARGET_NAME)";
				PROVISIONING_PROFILE_SPECIFIER = "";
				SWIFT_EMIT_LOC_STRINGS = YES;
				SWIFT_VERSION = 5.0;
				TARGETED_DEVICE_FAMILY = "1,2";
			};
			name = Release;
		};
/* End XCBuildConfiguration section */

/* Begin XCConfigurationList section */
		C56524962BB4257E002A3F0D /* Build configuration list for PBXProject "PhotoLibrary" */ = {
			isa = XCConfigurationList;
			buildConfigurations = (
				C56524AD2BB4257F002A3F0D /* Debug */,
				C56524AE2BB4257F002A3F0D /* Release */,
			);
			defaultConfigurationIsVisible = 0;
			defaultConfigurationName = Release;
		};
		C56524AF2BB4257F002A3F0D /* Build configuration list for PBXNativeTarget "PhotoLibrary" */ = {
			isa = XCConfigurationList;
			buildConfigurations = (
				C56524B02BB4257F002A3F0D /* Debug */,
				C56524B12BB4257F002A3F0D /* Release */,
			);
			defaultConfigurationIsVisible = 0;
			defaultConfigurationName = Release;
		};
/* End XCConfigurationList section */
	};
	rootObject = C56524932BB4257E002A3F0D /* Project object */;
}
